{
  "name": "purchase-orders-pos",
  "version": "1.0.0",
  "lockfileVersion": 3,
  "requires": true,
  "packages": {
    "": {
      "name": "purchase-orders-pos",
      "version": "1.0.0",
      "license": "UNLICENSED",
      "dependencies": {
        "@work-orders/common": "file:../../common",
        "@work-orders/common-pos": "file:../common-pos",
        "uuid": "^9.0.1"
      },
      "devDependencies": {
        "@types/uuid": "^9.0.8"
      }
    },
    "../../common": {
      "name": "@work-orders/common",
      "version": "1.0.0",
      "dependencies": {
        "@teifi-digital/shopify-app-toolbox": "^0.0.56",
        "react-query": "^3.39.3",
        "ts-pattern": "^5.2.0",
        "uuid": "^9.0.1",
        "zod": "^3.22.4"
      },
      "devDependencies": {
        "@types/react": "^17.0.75",
        "@types/react-dom": "^17.0.25",
        "@types/uuid": "^9.0.8",
        "typescript": "^5.3.3"
      }
    },
    "../common-pos": {
      "name": "@work-orders/common-pos",
      "version": "1.0.0",
      "dependencies": {
        "@teifi-digital/shopify-app-toolbox": "^0.0.56",
        "@work-orders/common": "file:../../common"
      },
      "devDependencies": {
        "@types/node": "^20.11.17",
        "typescript": "^5.3.3"
      }
    },
    "node_modules/@types/uuid": {
      "version": "9.0.8",
      "resolved": "https://registry.npmjs.org/@types/uuid/-/uuid-9.0.8.tgz",
      "integrity": "sha512-jg+97EGIcY9AGHJJRaaPVgetKDsrTgbRjQ5Msgjh/DQKEFl0DtyRr/VCOyD1T2R1MNeWPK/u7JoGhlDZnKBAfA==",
      "dev": true
    },
    "node_modules/@work-orders/common": {
      "resolved": "../../common",
      "link": true
    },
    "node_modules/@work-orders/common-pos": {
      "resolved": "../common-pos",
      "link": true
    },
    "node_modules/uuid": {
      "version": "9.0.1",
      "resolved": "https://registry.npmjs.org/uuid/-/uuid-9.0.1.tgz",
      "integrity": "sha512-b+1eJOlsR9K8HJpow9Ok3fiWOWSIcIzXodvv0rQjVoOVNpWMpxf1wZNpt4y9h10odCNrqnYp1OBzRktckBe3sA==",
      "funding": [
        "https://github.com/sponsors/broofa",
        "https://github.com/sponsors/ctavan"
      ],
      "bin": {
        "uuid": "dist/bin/uuid"
      }
    }
  }
}
