{
  "name": "cycle-count-pos",
  "version": "1.0.0",
  "lockfileVersion": 3,
  "requires": true,
  "packages": {
    "": {
      "name": "cycle-count-pos",
      "version": "1.0.0",
      "license": "UNLICENSED",
      "dependencies": {
        "@work-orders/common": "file:../../common",
        "@work-orders/common-pos": "file:../common-pos"
      }
    },
    "../../common": {
      "name": "@work-orders/common",
      "version": "1.0.0",
      "dependencies": {
        "@teifi-digital/shopify-app-toolbox": "^0.0.67",
        "ts-pattern": "^5.2.0",
        "uuid": "^9.0.1",
        "zod": "^3.22.4"
      },
      "devDependencies": {
        "@types/uuid": "^9.0.8"
      }
    },
    "../common-pos": {
      "name": "@work-orders/common-pos",
      "version": "1.0.0",
      "dependencies": {
        "@work-orders/common": "file:../../common"
      }
    },
    "node_modules/@work-orders/common": {
      "resolved": "../../common",
      "link": true
    },
    "node_modules/@work-orders/common-pos": {
      "resolved": "../common-pos",
      "link": true
    }
  }
}
