{
  "name": "@work-orders/common-pos",
  "version": "1.0.0",
  "lockfileVersion": 3,
  "requires": true,
  "packages": {
    "": {
      "name": "@work-orders/common-pos",
      "version": "1.0.0",
      "hasInstallScript": true,
      "dependencies": {
        "@teifi-digital/shopify-app-toolbox": "^0.0.14",
        "@work-orders/common": "file:../../common"
      },
      "devDependencies": {
        "@types/node": "^20.11.17",
        "typescript": "^5.3.3"
      }
    },
    "../../common": {
      "name": "@work-orders/common",
      "version": "1.0.0",
      "dependencies": {
        "@teifi-digital/shopify-app-toolbox": "^0.0.37",
        "react-query": "^3.39.3",
        "zod": "^3.22.4"
      },
      "devDependencies": {
        "@types/react": "^17.0.75",
        "@types/react-dom": "^17.0.25",
        "typescript": "^5.3.3"
      }
    },
    "node_modules/@teifi-digital/shopify-app-toolbox": {
      "version": "0.0.14",
      "resolved": "https://npm.pkg.github.com/download/@teifi-digital/shopify-app-toolbox/0.0.14/74a5b3be1f557147f338c1c21363fb9777c7e20c",
      "integrity": "sha512-uSxGtyf6FJo2f0VPiXoGIL0+WiARaZGlJ5l87H/IF+DwYoIFopX9Pl8YHJ1i7u8yaX2L+VRXgHLsmhG4n5OFkw==",
      "dependencies": {
        "js-big-decimal": "^2.0.7"
      }
    },
    "node_modules/@types/node": {
      "version": "20.11.17",
      "resolved": "https://registry.npmjs.org/@types/node/-/node-20.11.17.tgz",
      "integrity": "sha512-QmgQZGWu1Yw9TDyAP9ZzpFJKynYNeOvwMJmaxABfieQoVoiVOS6MN1WSpqpRcbeA5+RW82kraAVxCCJg+780Qw==",
      "dev": true,
      "dependencies": {
        "undici-types": "~5.26.4"
      }
    },
    "node_modules/@work-orders/common": {
      "resolved": "../../common",
      "link": true
    },
    "node_modules/js-big-decimal": {
      "version": "2.0.7",
      "resolved": "https://registry.npmjs.org/js-big-decimal/-/js-big-decimal-2.0.7.tgz",
      "integrity": "sha512-XGc79t2Iv3b7LFlYaTT8WoQBuWL4K81aST+dq2YGHV6giedbnoG0s33ju24Uw/BGqLYfPPgn4HGRrPS2mfKk3Q=="
    },
    "node_modules/typescript": {
      "version": "5.3.3",
      "resolved": "https://registry.npmjs.org/typescript/-/typescript-5.3.3.tgz",
      "integrity": "sha512-pXWcraxM0uxAS+tN0AG/BF2TyqmHO014Z070UsJ+pFvYuRSq8KH8DmWpnbXe0pEPDHXZV3FcAbJkijJ5oNEnWw==",
      "dev": true,
      "bin": {
        "tsc": "bin/tsc",
        "tsserver": "bin/tsserver"
      },
      "engines": {
        "node": ">=14.17"
      }
    },
    "node_modules/undici-types": {
      "version": "5.26.5",
      "resolved": "https://registry.npmjs.org/undici-types/-/undici-types-5.26.5.tgz",
      "integrity": "sha512-JlCMO+ehdEIKqlFxk6IfVoAUVmgz7cU7zD/h9XZ0qzeosSHmUJVOzSQvvYSYWXkFXC+IfLKSIffhv0sVZup6pA==",
      "dev": true
    }
  }
}
