{
  "name": "@work-orders/work-orders-pos-internals",
  "version": "1.0.0",
  "lockfileVersion": 3,
  "requires": true,
  "packages": {
    "": {
      "name": "@work-orders/work-orders-pos-internals",
      "version": "1.0.0",
      "license": "UNLICENSED",
      "dependencies": {
        "@teifi-digital/shopify-app-toolbox": "^0.0.62",
        "@work-orders/common": "file:../../common",
        "@work-orders/common-pos": "file:../common-pos",
        "@work-orders/work-order-shopify-order": "file:../../work-order-shopify-order",
        "uuid": "^9.0.1"
      },
      "devDependencies": {
        "@types/uuid": "^9.0.8"
      }
    },
    "../../common": {
      "name": "@work-orders/common",
      "version": "1.0.0",
      "dependencies": {
        "@teifi-digital/shopify-app-toolbox": "^0.0.62",
        "react-query": "^3.39.3",
        "ts-pattern": "^5.2.0",
        "uuid": "^9.0.1",
        "zod": "^3.22.4"
      },
      "devDependencies": {
        "@types/react": "^17.0.75",
        "@types/react-dom": "^17.0.25",
        "@types/uuid": "^9.0.8",
        "typescript": "^5.3.3"
      }
    },
    "../../work-order-shopify-order": {
      "name": "@work-orders/work-order-shopify-order",
      "dependencies": {
        "@teifi-digital/shopify-app-toolbox": "^0.0.62"
      },
      "devDependencies": {
        "typescript": "^5.4.2"
      }
    },
    "../common-pos": {
      "name": "@work-orders/common-pos",
      "version": "1.0.0",
      "dependencies": {
        "@teifi-digital/shopify-app-toolbox": "^0.0.62",
        "@work-orders/common": "file:../../common"
      },
      "devDependencies": {
        "@types/node": "^20.11.17",
        "typescript": "^5.3.3"
      }
    },
    "node_modules/@teifi-digital/shopify-app-toolbox": {
      "version": "0.0.62",
      "resolved": "https://npm.pkg.github.com/download/@teifi-digital/shopify-app-toolbox/0.0.62/385ff25a46fc41a438c65d90a54f74c0c0eb69af",
      "integrity": "sha512-Ex5J5tnPnRe/dCBSkSk5pvU73uzmJIYlnZjv8pROUSsYu+tCAROUzCi/VTEax8asNSRHYnBqaIxBI/k5PEi7WA==",
      "dependencies": {
        "js-big-decimal": "^2.0.7",
        "yocto-queue": "^1.0.0"
      }
    },
    "node_modules/@types/uuid": {
      "version": "9.0.8",
      "resolved": "https://registry.npmjs.org/@types/uuid/-/uuid-9.0.8.tgz",
      "integrity": "sha512-jg+97EGIcY9AGHJJRaaPVgetKDsrTgbRjQ5Msgjh/DQKEFl0DtyRr/VCOyD1T2R1MNeWPK/u7JoGhlDZnKBAfA==",
      "dev": true
    },
    "node_modules/@work-orders/common": {
      "resolved": "../../common",
      "link": true
    },
    "node_modules/@work-orders/common-pos": {
      "resolved": "../common-pos",
      "link": true
    },
    "node_modules/@work-orders/work-order-shopify-order": {
      "resolved": "../../work-order-shopify-order",
      "link": true
    },
    "node_modules/js-big-decimal": {
      "version": "2.0.7",
      "resolved": "https://registry.npmjs.org/js-big-decimal/-/js-big-decimal-2.0.7.tgz",
      "integrity": "sha512-XGc79t2Iv3b7LFlYaTT8WoQBuWL4K81aST+dq2YGHV6giedbnoG0s33ju24Uw/BGqLYfPPgn4HGRrPS2mfKk3Q=="
    },
    "node_modules/uuid": {
      "version": "9.0.1",
      "resolved": "https://registry.npmjs.org/uuid/-/uuid-9.0.1.tgz",
      "integrity": "sha512-b+1eJOlsR9K8HJpow9Ok3fiWOWSIcIzXodvv0rQjVoOVNpWMpxf1wZNpt4y9h10odCNrqnYp1OBzRktckBe3sA==",
      "funding": [
        "https://github.com/sponsors/broofa",
        "https://github.com/sponsors/ctavan"
      ],
      "bin": {
        "uuid": "dist/bin/uuid"
      }
    },
    "node_modules/yocto-queue": {
      "version": "1.1.1",
      "resolved": "https://registry.npmjs.org/yocto-queue/-/yocto-queue-1.1.1.tgz",
      "integrity": "sha512-b4JR1PFR10y1mKjhHY9LaGo6tmrgjit7hxVIeAmyMw3jegXR4dhYqLaQF5zMXZxY7tLpMyJeLjr1C4rLmkVe8g==",
      "engines": {
        "node": ">=12.20"
      },
      "funding": {
        "url": "https://github.com/sponsors/sindresorhus"
      }
    }
  }
}
