{
  "name": "@work-orders/work-order-shopify-order",
  "lockfileVersion": 3,
  "requires": true,
  "packages": {
    "": {
      "name": "@work-orders/work-order-shopify-order",
      "dependencies": {
        "@teifi-digital/shopify-app-toolbox": "^0.0.67"
      },
      "devDependencies": {
        "typescript": "^5.4.2"
      }
    },
    "node_modules/@teifi-digital/shopify-app-toolbox": {
      "version": "0.0.67",
      "resolved": "https://npm.pkg.github.com/download/@teifi-digital/shopify-app-toolbox/0.0.67/1c0c51e5cb61a7436f9c8237ea217f898da47148",
      "integrity": "sha512-sqWA7QNjl9cpwOJ7I9QDiiSGO7fGccz06VJ0hquCFEbndSPjNqzgVEfQXxDuKkIJGu4kjwMR4tuL2NQiIgvzJw==",
      "dependencies": {
        "js-big-decimal": "^2.0.7",
        "yocto-queue": "^1.0.0"
      }
    },
    "node_modules/js-big-decimal": {
      "version": "2.0.7",
      "resolved": "https://registry.npmjs.org/js-big-decimal/-/js-big-decimal-2.0.7.tgz",
      "integrity": "sha512-XGc79t2Iv3b7LFlYaTT8WoQBuWL4K81aST+dq2YGHV6giedbnoG0s33ju24Uw/BGqLYfPPgn4HGRrPS2mfKk3Q=="
    },
    "node_modules/typescript": {
      "version": "5.4.2",
      "resolved": "https://registry.npmjs.org/typescript/-/typescript-5.4.2.tgz",
      "integrity": "sha512-+2/g0Fds1ERlP6JsakQQDXjZdZMM+rqpamFZJEKh4kwTIn3iDkgKtby0CeNd5ATNZ4Ry1ax15TMx0W2V+miizQ==",
      "dev": true,
      "bin": {
        "tsc": "bin/tsc",
        "tsserver": "bin/tsserver"
      },
      "engines": {
        "node": ">=14.17"
      }
    },
    "node_modules/yocto-queue": {
      "version": "1.1.1",
      "resolved": "https://registry.npmjs.org/yocto-queue/-/yocto-queue-1.1.1.tgz",
      "integrity": "sha512-b4JR1PFR10y1mKjhHY9LaGo6tmrgjit7hxVIeAmyMw3jegXR4dhYqLaQF5zMXZxY7tLpMyJeLjr1C4rLmkVe8g==",
      "engines": {
        "node": ">=12.20"
      },
      "funding": {
        "url": "https://github.com/sponsors/sindresorhus"
      }
    }
  }
}
