{
  "name": "@work-orders/common",
  "version": "1.0.0",
  "lockfileVersion": 3,
  "requires": true,
  "packages": {
    "": {
      "name": "@work-orders/common",
      "version": "1.0.0",
      "dependencies": {
        "@teifi-digital/shopify-app-toolbox": "^0.0.72",
        "ts-pattern": "^5.2.0",
        "uuid": "^9.0.1",
        "zod": "^3.22.4"
      },
      "devDependencies": {
        "@types/uuid": "^9.0.8"
      }
    },
    "node_modules/@teifi-digital/shopify-app-toolbox": {
      "version": "0.0.72",
      "resolved": "https://npm.pkg.github.com/download/@teifi-digital/shopify-app-toolbox/0.0.72/97d6a2e60a1c40db5458bd3621c950df2795a0b5",
      "integrity": "sha512-0yBSDOIjofBLbs+yDc3PSVQ657iNAkQGc6rm5tK1FQ0P/V+5r0ECg6NYQg4T85DGMk25k5HdxW9YV8PTaGYQCA==",
      "dependencies": {
        "js-big-decimal": "^2.0.7",
        "yocto-queue": "^1.0.0"
      }
    },
    "node_modules/@types/uuid": {
      "version": "9.0.8",
      "resolved": "https://registry.npmjs.org/@types/uuid/-/uuid-9.0.8.tgz",
      "integrity": "sha512-jg+97EGIcY9AGHJJRaaPVgetKDsrTgbRjQ5Msgjh/DQKEFl0DtyRr/VCOyD1T2R1MNeWPK/u7JoGhlDZnKBAfA==",
      "dev": true,
      "license": "MIT"
    },
    "node_modules/js-big-decimal": {
      "version": "2.1.0",
      "resolved": "https://registry.npmjs.org/js-big-decimal/-/js-big-decimal-2.1.0.tgz",
      "integrity": "sha512-6BOJi5gJ/u5KIOiRjwDnYee64wDw48/mzObV10L5ZYZ/u3ujpzJrO1JyIdIYbfxJPhIT7+oKn7d/1Fw1kOsh2w==",
      "license": "MIT"
    },
    "node_modules/ts-pattern": {
      "version": "5.3.1",
      "resolved": "https://registry.npmjs.org/ts-pattern/-/ts-pattern-5.3.1.tgz",
      "integrity": "sha512-1RUMKa8jYQdNfmnK4jyzBK3/PS/tnjcZ1CW0v1vWDeYe5RBklc/nquw03MEoB66hVBm4BnlCfmOqDVxHyT1DpA==",
      "license": "MIT"
    },
    "node_modules/uuid": {
      "version": "9.0.1",
      "resolved": "https://registry.npmjs.org/uuid/-/uuid-9.0.1.tgz",
      "integrity": "sha512-b+1eJOlsR9K8HJpow9Ok3fiWOWSIcIzXodvv0rQjVoOVNpWMpxf1wZNpt4y9h10odCNrqnYp1OBzRktckBe3sA==",
      "funding": [
        "https://github.com/sponsors/broofa",
        "https://github.com/sponsors/ctavan"
      ],
      "license": "MIT",
      "bin": {
        "uuid": "dist/bin/uuid"
      }
    },
    "node_modules/yocto-queue": {
      "version": "1.1.1",
      "resolved": "https://registry.npmjs.org/yocto-queue/-/yocto-queue-1.1.1.tgz",
      "integrity": "sha512-b4JR1PFR10y1mKjhHY9LaGo6tmrgjit7hxVIeAmyMw3jegXR4dhYqLaQF5zMXZxY7tLpMyJeLjr1C4rLmkVe8g==",
      "license": "MIT",
      "engines": {
        "node": ">=12.20"
      },
      "funding": {
        "url": "https://github.com/sponsors/sindresorhus"
      }
    },
    "node_modules/zod": {
      "version": "3.23.8",
      "resolved": "https://registry.npmjs.org/zod/-/zod-3.23.8.tgz",
      "integrity": "sha512-XBx9AXhXktjUqnepgTiE5flcKIYWi/rme0Eaj+5Y0lftuGBq+jyRu/md4WnuxqgP1ubdpNCsYEYPxrzVHD8d6g==",
      "license": "MIT",
      "funding": {
        "url": "https://github.com/sponsors/colinhacks"
      }
    }
  }
}
