{
  "name": "cycle-count-pos",
  "version": "1.0.0",
  "lockfileVersion": 3,
  "requires": true,
  "packages": {
    "": {
      "name": "cycle-count-pos",
      "version": "1.0.0",
      "hasInstallScript": true,
      "license": "UNLICENSED",
      "dependencies": {
        "@teifi-digital/shopify-app-toolbox": "^0.0.42",
        "@work-orders/common": "file:../../common",
        "@work-orders/common-pos": "file:../common-pos"
      }
    },
    "../../common": {
      "name": "@work-orders/common",
      "version": "1.0.0",
      "dependencies": {
        "@teifi-digital/shopify-app-toolbox": "^0.0.37",
        "react-query": "^3.39.3",
        "zod": "^3.22.4"
      },
      "devDependencies": {
        "@types/react": "^17.0.75",
        "@types/react-dom": "^17.0.25",
        "typescript": "^5.3.3"
      }
    },
    "../common-pos": {
      "name": "@work-orders/common-pos",
      "version": "1.0.0",
      "hasInstallScript": true,
      "dependencies": {
        "@teifi-digital/shopify-app-toolbox": "^0.0.42",
        "@work-orders/common": "file:../../common"
      },
      "devDependencies": {
        "@types/node": "^20.11.17",
        "typescript": "^5.3.3"
      }
    },
    "node_modules/@teifi-digital/shopify-app-toolbox": {
      "version": "0.0.42",
      "resolved": "https://npm.pkg.github.com/download/@teifi-digital/shopify-app-toolbox/0.0.42/932b85b9a5c2aad2e5b205b36702ecaef7f73157",
      "integrity": "sha512-Iu0i64+WuZyAMiy8zJc6T/McbVuvRRp7Mdi9ORHk2bKflFPYVlk5cRkAcmsGK3FJ3rnvrJ4YeaTFloGpbmBpAw==",
      "dependencies": {
        "js-big-decimal": "^2.0.7"
      }
    },
    "node_modules/@work-orders/common": {
      "resolved": "../../common",
      "link": true
    },
    "node_modules/@work-orders/common-pos": {
      "resolved": "../common-pos",
      "link": true
    },
    "node_modules/js-big-decimal": {
      "version": "2.0.7",
      "resolved": "https://registry.npmjs.org/js-big-decimal/-/js-big-decimal-2.0.7.tgz",
      "integrity": "sha512-XGc79t2Iv3b7LFlYaTT8WoQBuWL4K81aST+dq2YGHV6giedbnoG0s33ju24Uw/BGqLYfPPgn4HGRrPS2mfKk3Q=="
    }
  }
}
