{
  "name": "work-orders-pos",
  "version": "1.0.0",
  "lockfileVersion": 3,
  "requires": true,
  "packages": {
    "": {
      "name": "work-orders-pos",
      "version": "1.0.0",
      "license": "UNLICENSED",
      "dependencies": {
        "@work-orders/work-orders-pos-internals": "file:../work-orders-pos-internals"
      }
    },
    "../work-orders-pos-internals": {
      "name": "@work-orders/work-orders-pos-internals",
      "version": "1.0.0",
      "license": "UNLICENSED",
      "dependencies": {
        "@teifi-digital/shopify-app-toolbox": "^0.0.45",
        "@work-orders/common": "file:../../common",
        "@work-orders/common-pos": "file:../common-pos",
        "@work-orders/work-order-shopify-order": "file:../../work-order-shopify-order",
        "uuid": "^9.0.1"
      },
      "devDependencies": {
        "@types/uuid": "^9.0.8"
      }
    },
    "node_modules/@work-orders/work-orders-pos-internals": {
      "resolved": "../work-orders-pos-internals",
      "link": true
    }
  }
}
